// !$*UTF8*$!
{
	archiveVersion = 1;
	classes = {
	};
	objectVersion = 46;
	objects = {

/* Begin PBXBuildFile section */
		288B979BF1254A82B5088717 /* libPods.a in Frameworks */ = {isa = PBXBuildFile; fileRef = F689589E4AF6409EA41E3B5C /* libPods.a */; };
		41B87FD919B0251C00C7C2CE /* Foundation.framework in Frameworks */ = {isa = PBXBuildFile; fileRef = 41B87FD819B0251C00C7C2CE /* Foundation.framework */; };
		41B87FDB19B0251C00C7C2CE /* CoreGraphics.framework in Frameworks */ = {isa = PBXBuildFile; fileRef = 41B87FDA19B0251C00C7C2CE /* CoreGraphics.framework */; };
		41B87FDD19B0251C00C7C2CE /* UIKit.framework in Frameworks */ = {isa = PBXBuildFile; fileRef = 41B87FDC19B0251C00C7C2CE /* UIKit.framework */; };
		41B87FE319B0251C00C7C2CE /* InfoPlist.strings in Resources */ = {isa = PBXBuildFile; fileRef = 41B87FE119B0251C00C7C2CE /* InfoPlist.strings */; };
		41B87FE519B0251C00C7C2CE /* main.m in Sources */ = {isa = PBXBuildFile; fileRef = 41B87FE419B0251C00C7C2CE /* main.m */; };
		41B87FE919B0251C00C7C2CE /* AppDelegate.m in Sources */ = {isa = PBXBuildFile; fileRef = 41B87FE819B0251C00C7C2CE /* AppDelegate.m */; };
		41B87FEC19B0251C00C7C2CE /* Main.storyboard in Resources */ = {isa = PBXBuildFile; fileRef = 41B87FEA19B0251C00C7C2CE /* Main.storyboard */; };
		41B87FF219B0251C00C7C2CE /* NewsViewController.m in Sources */ = {isa = PBXBuildFile; fileRef = 41B87FF119B0251C00C7C2CE /* NewsViewController.m */; };
		41B87FF419B0251C00C7C2CE /* Images.xcassets in Resources */ = {isa = PBXBuildFile; fileRef = 41B87FF319B0251C00C7C2CE /* Images.xcassets */; };
		41B87FFB19B0251C00C7C2CE /* XCTest.framework in Frameworks */ = {isa = PBXBuildFile; fileRef = 41B87FFA19B0251C00C7C2CE /* XCTest.framework */; };
		41B87FFC19B0251C00C7C2CE /* Foundation.framework in Frameworks */ = {isa = PBXBuildFile; fileRef = 41B87FD819B0251C00C7C2CE /* Foundation.framework */; };
		41B87FFD19B0251C00C7C2CE /* UIKit.framework in Frameworks */ = {isa = PBXBuildFile; fileRef = 41B87FDC19B0251C00C7C2CE /* UIKit.framework */; };
		41B8800519B0251C00C7C2CE /* InfoPlist.strings in Resources */ = {isa = PBXBuildFile; fileRef = 41B8800319B0251C00C7C2CE /* InfoPlist.strings */; };
		41B8800719B0251C00C7C2CE /* UWMobileTests.m in Sources */ = {isa = PBXBuildFile; fileRef = 41B8800619B0251C00C7C2CE /* UWMobileTests.m */; };
		41B8801219B03E7200C7C2CE /* events.json in Resources */ = {isa = PBXBuildFile; fileRef = 41B8801119B03E7200C7C2CE /* events.json */; };
		41B8801419B03F2700C7C2CE /* infosessions.json in Resources */ = {isa = PBXBuildFile; fileRef = 41B8801319B03F2700C7C2CE /* infosessions.json */; };
		41B8801B19B0A96600C7C2CE /* UWEvent.m in Sources */ = {isa = PBXBuildFile; fileRef = 41B8801A19B0A96600C7C2CE /* UWEvent.m */; };
		41B8801E19B27C4B00C7C2CE /* UWEventTimes.m in Sources */ = {isa = PBXBuildFile; fileRef = 41B8801D19B27C4B00C7C2CE /* UWEventTimes.m */; };
		41B8802119B2C76100C7C2CE /* SplashScreenViewController.m in Sources */ = {isa = PBXBuildFile; fileRef = 41B8802019B2C76100C7C2CE /* SplashScreenViewController.m */; };
		41B8802619B2D38C00C7C2CE /* NewsCell.m in Sources */ = {isa = PBXBuildFile; fileRef = 41B8802519B2D38C00C7C2CE /* NewsCell.m */; };
		41B8802919B2D80500C7C2CE /* UWNews.m in Sources */ = {isa = PBXBuildFile; fileRef = 41B8802819B2D80500C7C2CE /* UWNews.m */; };
		41B8802C19B2DA5D00C7C2CE /* DateProvider.m in Sources */ = {isa = PBXBuildFile; fileRef = 41B8802B19B2DA5D00C7C2CE /* DateProvider.m */; };
		41B8805A19B2F03200C7C2CE /* LeftMenuViewController.m in Sources */ = {isa = PBXBuildFile; fileRef = 41B8805919B2F03200C7C2CE /* LeftMenuViewController.m */; };
		41B8805D19B2FFF700C7C2CE /* ThinHorizontalLineView.m in Sources */ = {isa = PBXBuildFile; fileRef = 41B8805C19B2FFF700C7C2CE /* ThinHorizontalLineView.m */; };
		41B8806019B30B2700C7C2CE /* BaseViewController.m in Sources */ = {isa = PBXBuildFile; fileRef = 41B8805F19B30B2700C7C2CE /* BaseViewController.m */; };
		41B8806319B3119400C7C2CE /* UWSideMenuItem.m in Sources */ = {isa = PBXBuildFile; fileRef = 41B8806219B3119400C7C2CE /* UWSideMenuItem.m */; };
		41B8806619B314AD00C7C2CE /* SideMenuItemCell.m in Sources */ = {isa = PBXBuildFile; fileRef = 41B8806519B314AD00C7C2CE /* SideMenuItemCell.m */; };
		41B8806919B31A5000C7C2CE /* EventsViewController.m in Sources */ = {isa = PBXBuildFile; fileRef = 41B8806819B31A5000C7C2CE /* EventsViewController.m */; };
		41B8806C19B4DE7200C7C2CE /* EventCell.m in Sources */ = {isa = PBXBuildFile; fileRef = 41B8806B19B4DE7200C7C2CE /* EventCell.m */; };
		41B8806F19B4FB9A00C7C2CE /* SideWeatherViewController.m in Sources */ = {isa = PBXBuildFile; fileRef = 41B8806E19B4FB9A00C7C2CE /* SideWeatherViewController.m */; };
		41B8807219B5028C00C7C2CE /* UWWeather.m in Sources */ = {isa = PBXBuildFile; fileRef = 41B8807119B5028C00C7C2CE /* UWWeather.m */; };
		41B8807519BA745300C7C2CE /* NewsDetailsViewController.m in Sources */ = {isa = PBXBuildFile; fileRef = 41B8807419BA745300C7C2CE /* NewsDetailsViewController.m */; };
		41B8807819BAB06200C7C2CE /* BuildingsViewController.m in Sources */ = {isa = PBXBuildFile; fileRef = 41B8807719BAB06200C7C2CE /* BuildingsViewController.m */; };
		41B8807A19BAB1A100C7C2CE /* MapKit.framework in Frameworks */ = {isa = PBXBuildFile; fileRef = 41B8807919BAB1A100C7C2CE /* MapKit.framework */; };
		41B8807D19BAC73A00C7C2CE /* UWBuilding.m in Sources */ = {isa = PBXBuildFile; fileRef = 41B8807C19BAC73A00C7C2CE /* UWBuilding.m */; };
		41FA7F1219BADB1B00149FA3 /* UWGoose.m in Sources */ = {isa = PBXBuildFile; fileRef = 41FA7F1119BADB1B00149FA3 /* UWGoose.m */; };
/* End PBXBuildFile section */

/* Begin PBXContainerItemProxy section */
		41B87FFE19B0251C00C7C2CE /* PBXContainerItemProxy */ = {
			isa = PBXContainerItemProxy;
			containerPortal = 41B87FCD19B0251C00C7C2CE /* Project object */;
			proxyType = 1;
			remoteGlobalIDString = 41B87FD419B0251C00C7C2CE;
			remoteInfo = UWMobile;
		};
/* End PBXContainerItemProxy section */

/* Begin PBXFileReference section */
		41B87FD519B0251C00C7C2CE /* UWMobile.app */ = {isa = PBXFileReference; explicitFileType = wrapper.application; includeInIndex = 0; path = UWMobile.app; sourceTree = BUILT_PRODUCTS_DIR; };
		41B87FD819B0251C00C7C2CE /* Foundation.framework */ = {isa = PBXFileReference; lastKnownFileType = wrapper.framework; name = Foundation.framework; path = System/Library/Frameworks/Foundation.framework; sourceTree = SDKROOT; };
		41B87FDA19B0251C00C7C2CE /* CoreGraphics.framework */ = {isa = PBXFileReference; lastKnownFileType = wrapper.framework; name = CoreGraphics.framework; path = System/Library/Frameworks/CoreGraphics.framework; sourceTree = SDKROOT; };
		41B87FDC19B0251C00C7C2CE /* UIKit.framework */ = {isa = PBXFileReference; lastKnownFileType = wrapper.framework; name = UIKit.framework; path = System/Library/Frameworks/UIKit.framework; sourceTree = SDKROOT; };
		41B87FE019B0251C00C7C2CE /* UWMobile-Info.plist */ = {isa = PBXFileReference; lastKnownFileType = text.plist.xml; path = "UWMobile-Info.plist"; sourceTree = "<group>"; };
		41B87FE219B0251C00C7C2CE /* en */ = {isa = PBXFileReference; lastKnownFileType = text.plist.strings; name = en; path = en.lproj/InfoPlist.strings; sourceTree = "<group>"; };
		41B87FE419B0251C00C7C2CE /* main.m */ = {isa = PBXFileReference; lastKnownFileType = sourcecode.c.objc; path = main.m; sourceTree = "<group>"; };
		41B87FE619B0251C00C7C2CE /* UWMobile-Prefix.pch */ = {isa = PBXFileReference; lastKnownFileType = sourcecode.c.h; path = "UWMobile-Prefix.pch"; sourceTree = "<group>"; };
		41B87FE719B0251C00C7C2CE /* AppDelegate.h */ = {isa = PBXFileReference; lastKnownFileType = sourcecode.c.h; path = AppDelegate.h; sourceTree = "<group>"; };
		41B87FE819B0251C00C7C2CE /* AppDelegate.m */ = {isa = PBXFileReference; lastKnownFileType = sourcecode.c.objc; path = AppDelegate.m; sourceTree = "<group>"; };
		41B87FEB19B0251C00C7C2CE /* Base */ = {isa = PBXFileReference; lastKnownFileType = file.storyboard; name = Base; path = Base.lproj/Main.storyboard; sourceTree = "<group>"; };
		41B87FF019B0251C00C7C2CE /* NewsViewController.h */ = {isa = PBXFileReference; lastKnownFileType = sourcecode.c.h; path = NewsViewController.h; sourceTree = "<group>"; };
		41B87FF119B0251C00C7C2CE /* NewsViewController.m */ = {isa = PBXFileReference; lastKnownFileType = sourcecode.c.objc; path = NewsViewController.m; sourceTree = "<group>"; };
		41B87FF319B0251C00C7C2CE /* Images.xcassets */ = {isa = PBXFileReference; lastKnownFileType = folder.assetcatalog; path = Images.xcassets; sourceTree = "<group>"; };
		41B87FF919B0251C00C7C2CE /* UWMobileTests.xctest */ = {isa = PBXFileReference; explicitFileType = wrapper.cfbundle; includeInIndex = 0; path = UWMobileTests.xctest; sourceTree = BUILT_PRODUCTS_DIR; };
		41B87FFA19B0251C00C7C2CE /* XCTest.framework */ = {isa = PBXFileReference; lastKnownFileType = wrapper.framework; name = XCTest.framework; path = Library/Frameworks/XCTest.framework; sourceTree = DEVELOPER_DIR; };
		41B8800219B0251C00C7C2CE /* UWMobileTests-Info.plist */ = {isa = PBXFileReference; lastKnownFileType = text.plist.xml; path = "UWMobileTests-Info.plist"; sourceTree = "<group>"; };
		41B8800419B0251C00C7C2CE /* en */ = {isa = PBXFileReference; lastKnownFileType = text.plist.strings; name = en; path = en.lproj/InfoPlist.strings; sourceTree = "<group>"; };
		41B8800619B0251C00C7C2CE /* UWMobileTests.m */ = {isa = PBXFileReference; lastKnownFileType = sourcecode.c.objc; path = UWMobileTests.m; sourceTree = "<group>"; };
		41B8801119B03E7200C7C2CE /* events.json */ = {isa = PBXFileReference; fileEncoding = 4; lastKnownFileType = text.json; path = events.json; sourceTree = "<group>"; };
		41B8801319B03F2700C7C2CE /* infosessions.json */ = {isa = PBXFileReference; fileEncoding = 4; lastKnownFileType = text.json; path = infosessions.json; sourceTree = "<group>"; };
		41B8801619B0A8C600C7C2CE /* UWModel.h */ = {isa = PBXFileReference; fileEncoding = 4; lastKnownFileType = sourcecode.c.h; path = UWModel.h; sourceTree = "<group>"; };
		41B8801919B0A96600C7C2CE /* UWEvent.h */ = {isa = PBXFileReference; fileEncoding = 4; lastKnownFileType = sourcecode.c.h; path = UWEvent.h; sourceTree = "<group>"; };
		41B8801A19B0A96600C7C2CE /* UWEvent.m */ = {isa = PBXFileReference; fileEncoding = 4; lastKnownFileType = sourcecode.c.objc; path = UWEvent.m; sourceTree = "<group>"; };
		41B8801C19B27C4B00C7C2CE /* UWEventTimes.h */ = {isa = PBXFileReference; fileEncoding = 4; lastKnownFileType = sourcecode.c.h; path = UWEventTimes.h; sourceTree = "<group>"; };
		41B8801D19B27C4B00C7C2CE /* UWEventTimes.m */ = {isa = PBXFileReference; fileEncoding = 4; lastKnownFileType = sourcecode.c.objc; path = UWEventTimes.m; sourceTree = "<group>"; };
		41B8801F19B2C76100C7C2CE /* SplashScreenViewController.h */ = {isa = PBXFileReference; fileEncoding = 4; lastKnownFileType = sourcecode.c.h; path = SplashScreenViewController.h; sourceTree = "<group>"; };
		41B8802019B2C76100C7C2CE /* SplashScreenViewController.m */ = {isa = PBXFileReference; fileEncoding = 4; lastKnownFileType = sourcecode.c.objc; path = SplashScreenViewController.m; sourceTree = "<group>"; };
		41B8802419B2D38C00C7C2CE /* NewsCell.h */ = {isa = PBXFileReference; fileEncoding = 4; lastKnownFileType = sourcecode.c.h; path = NewsCell.h; sourceTree = "<group>"; };
		41B8802519B2D38C00C7C2CE /* NewsCell.m */ = {isa = PBXFileReference; fileEncoding = 4; lastKnownFileType = sourcecode.c.objc; path = NewsCell.m; sourceTree = "<group>"; };
		41B8802719B2D80500C7C2CE /* UWNews.h */ = {isa = PBXFileReference; fileEncoding = 4; lastKnownFileType = sourcecode.c.h; path = UWNews.h; sourceTree = "<group>"; };
		41B8802819B2D80500C7C2CE /* UWNews.m */ = {isa = PBXFileReference; fileEncoding = 4; lastKnownFileType = sourcecode.c.objc; path = UWNews.m; sourceTree = "<group>"; };
		41B8802A19B2DA5D00C7C2CE /* DateProvider.h */ = {isa = PBXFileReference; fileEncoding = 4; lastKnownFileType = sourcecode.c.h; path = DateProvider.h; sourceTree = "<group>"; };
		41B8802B19B2DA5D00C7C2CE /* DateProvider.m */ = {isa = PBXFileReference; fileEncoding = 4; lastKnownFileType = sourcecode.c.objc; path = DateProvider.m; sourceTree = "<group>"; };
		41B8805819B2F03200C7C2CE /* LeftMenuViewController.h */ = {isa = PBXFileReference; fileEncoding = 4; lastKnownFileType = sourcecode.c.h; path = LeftMenuViewController.h; sourceTree = "<group>"; };
		41B8805919B2F03200C7C2CE /* LeftMenuViewController.m */ = {isa = PBXFileReference; fileEncoding = 4; lastKnownFileType = sourcecode.c.objc; path = LeftMenuViewController.m; sourceTree = "<group>"; };
		41B8805B19B2FFF700C7C2CE /* ThinHorizontalLineView.h */ = {isa = PBXFileReference; fileEncoding = 4; lastKnownFileType = sourcecode.c.h; path = ThinHorizontalLineView.h; sourceTree = "<group>"; };
		41B8805C19B2FFF700C7C2CE /* ThinHorizontalLineView.m */ = {isa = PBXFileReference; fileEncoding = 4; lastKnownFileType = sourcecode.c.objc; path = ThinHorizontalLineView.m; sourceTree = "<group>"; };
		41B8805E19B30B2700C7C2CE /* BaseViewController.h */ = {isa = PBXFileReference; fileEncoding = 4; lastKnownFileType = sourcecode.c.h; path = BaseViewController.h; sourceTree = "<group>"; };
		41B8805F19B30B2700C7C2CE /* BaseViewController.m */ = {isa = PBXFileReference; fileEncoding = 4; lastKnownFileType = sourcecode.c.objc; path = BaseViewController.m; sourceTree = "<group>"; };
		41B8806119B3119400C7C2CE /* UWSideMenuItem.h */ = {isa = PBXFileReference; fileEncoding = 4; lastKnownFileType = sourcecode.c.h; path = UWSideMenuItem.h; sourceTree = "<group>"; };
		41B8806219B3119400C7C2CE /* UWSideMenuItem.m */ = {isa = PBXFileReference; fileEncoding = 4; lastKnownFileType = sourcecode.c.objc; path = UWSideMenuItem.m; sourceTree = "<group>"; };
		41B8806419B314AD00C7C2CE /* SideMenuItemCell.h */ = {isa = PBXFileReference; fileEncoding = 4; lastKnownFileType = sourcecode.c.h; path = SideMenuItemCell.h; sourceTree = "<group>"; };
		41B8806519B314AD00C7C2CE /* SideMenuItemCell.m */ = {isa = PBXFileReference; fileEncoding = 4; lastKnownFileType = sourcecode.c.objc; path = SideMenuItemCell.m; sourceTree = "<group>"; };
		41B8806719B31A5000C7C2CE /* EventsViewController.h */ = {isa = PBXFileReference; fileEncoding = 4; lastKnownFileType = sourcecode.c.h; path = EventsViewController.h; sourceTree = "<group>"; };
		41B8806819B31A5000C7C2CE /* EventsViewController.m */ = {isa = PBXFileReference; fileEncoding = 4; lastKnownFileType = sourcecode.c.objc; path = EventsViewController.m; sourceTree = "<group>"; };
		41B8806A19B4DE7200C7C2CE /* EventCell.h */ = {isa = PBXFileReference; fileEncoding = 4; lastKnownFileType = sourcecode.c.h; path = EventCell.h; sourceTree = "<group>"; };
		41B8806B19B4DE7200C7C2CE /* EventCell.m */ = {isa = PBXFileReference; fileEncoding = 4; lastKnownFileType = sourcecode.c.objc; path = EventCell.m; sourceTree = "<group>"; };
		41B8806D19B4FB9A00C7C2CE /* SideWeatherViewController.h */ = {isa = PBXFileReference; fileEncoding = 4; lastKnownFileType = sourcecode.c.h; path = SideWeatherViewController.h; sourceTree = "<group>"; };
		41B8806E19B4FB9A00C7C2CE /* SideWeatherViewController.m */ = {isa = PBXFileReference; fileEncoding = 4; lastKnownFileType = sourcecode.c.objc; path = SideWeatherViewController.m; sourceTree = "<group>"; };
		41B8807019B5028C00C7C2CE /* UWWeather.h */ = {isa = PBXFileReference; fileEncoding = 4; lastKnownFileType = sourcecode.c.h; path = UWWeather.h; sourceTree = "<group>"; };
		41B8807119B5028C00C7C2CE /* UWWeather.m */ = {isa = PBXFileReference; fileEncoding = 4; lastKnownFileType = sourcecode.c.objc; path = UWWeather.m; sourceTree = "<group>"; };
		41B8807319BA745300C7C2CE /* NewsDetailsViewController.h */ = {isa = PBXFileReference; fileEncoding = 4; lastKnownFileType = sourcecode.c.h; path = NewsDetailsViewController.h; sourceTree = "<group>"; };
		41B8807419BA745300C7C2CE /* NewsDetailsViewController.m */ = {isa = PBXFileReference; fileEncoding = 4; lastKnownFileType = sourcecode.c.objc; path = NewsDetailsViewController.m; sourceTree = "<group>"; };
		41B8807619BAB06200C7C2CE /* BuildingsViewController.h */ = {isa = PBXFileReference; fileEncoding = 4; lastKnownFileType = sourcecode.c.h; path = BuildingsViewController.h; sourceTree = "<group>"; };
		41B8807719BAB06200C7C2CE /* BuildingsViewController.m */ = {isa = PBXFileReference; fileEncoding = 4; lastKnownFileType = sourcecode.c.objc; path = BuildingsViewController.m; sourceTree = "<group>"; };
		41B8807919BAB1A100C7C2CE /* MapKit.framework */ = {isa = PBXFileReference; lastKnownFileType = wrapper.framework; name = MapKit.framework; path = System/Library/Frameworks/MapKit.framework; sourceTree = SDKROOT; };
		41B8807B19BAC73A00C7C2CE /* UWBuilding.h */ = {isa = PBXFileReference; fileEncoding = 4; lastKnownFileType = sourcecode.c.h; path = UWBuilding.h; sourceTree = "<group>"; };
		41B8807C19BAC73A00C7C2CE /* UWBuilding.m */ = {isa = PBXFileReference; fileEncoding = 4; lastKnownFileType = sourcecode.c.objc; path = UWBuilding.m; sourceTree = "<group>"; };
		41FA7F1019BADB1B00149FA3 /* UWGoose.h */ = {isa = PBXFileReference; fileEncoding = 4; lastKnownFileType = sourcecode.c.h; path = UWGoose.h; sourceTree = "<group>"; };
		41FA7F1119BADB1B00149FA3 /* UWGoose.m */ = {isa = PBXFileReference; fileEncoding = 4; lastKnownFileType = sourcecode.c.objc; path = UWGoose.m; sourceTree = "<group>"; };
		9B28D77A6302458C8CDF52A2 /* Pods.xcconfig */ = {isa = PBXFileReference; includeInIndex = 1; lastKnownFileType = text.xcconfig; name = Pods.xcconfig; path = Pods/Pods.xcconfig; sourceTree = "<group>"; };
		F689589E4AF6409EA41E3B5C /* libPods.a */ = {isa = PBXFileReference; explicitFileType = archive.ar; includeInIndex = 0; path = libPods.a; sourceTree = BUILT_PRODUCTS_DIR; };
/* End PBXFileReference section */

/* Begin PBXFrameworksBuildPhase section */
		41B87FD219B0251C00C7C2CE /* Frameworks */ = {
			isa = PBXFrameworksBuildPhase;
			buildActionMask = 2147483647;
			files = (
				41B8807A19BAB1A100C7C2CE /* MapKit.framework in Frameworks */,
				41B87FDB19B0251C00C7C2CE /* CoreGraphics.framework in Frameworks */,
				41B87FDD19B0251C00C7C2CE /* UIKit.framework in Frameworks */,
				41B87FD919B0251C00C7C2CE /* Foundation.framework in Frameworks */,
				288B979BF1254A82B5088717 /* libPods.a in Frameworks */,
			);
			runOnlyForDeploymentPostprocessing = 0;
		};
		41B87FF619B0251C00C7C2CE /* Frameworks */ = {
			isa = PBXFrameworksBuildPhase;
			buildActionMask = 2147483647;
			files = (
				41B87FFB19B0251C00C7C2CE /* XCTest.framework in Frameworks */,
				41B87FFD19B0251C00C7C2CE /* UIKit.framework in Frameworks */,
				41B87FFC19B0251C00C7C2CE /* Foundation.framework in Frameworks */,
			);
			runOnlyForDeploymentPostprocessing = 0;
		};
/* End PBXFrameworksBuildPhase section */

/* Begin PBXGroup section */
		41B87FCC19B0251C00C7C2CE = {
			isa = PBXGroup;
			children = (
				41B87FDE19B0251C00C7C2CE /* UWMobile */,
				41B8800019B0251C00C7C2CE /* UWMobileTests */,
				41B87FD719B0251C00C7C2CE /* Frameworks */,
				41B87FD619B0251C00C7C2CE /* Products */,
				9B28D77A6302458C8CDF52A2 /* Pods.xcconfig */,
			);
			sourceTree = "<group>";
		};
		41B87FD619B0251C00C7C2CE /* Products */ = {
			isa = PBXGroup;
			children = (
				41B87FD519B0251C00C7C2CE /* UWMobile.app */,
				41B87FF919B0251C00C7C2CE /* UWMobileTests.xctest */,
			);
			name = Products;
			sourceTree = "<group>";
		};
		41B87FD719B0251C00C7C2CE /* Frameworks */ = {
			isa = PBXGroup;
			children = (
				41B8807919BAB1A100C7C2CE /* MapKit.framework */,
				41B87FD819B0251C00C7C2CE /* Foundation.framework */,
				41B87FDA19B0251C00C7C2CE /* CoreGraphics.framework */,
				41B87FDC19B0251C00C7C2CE /* UIKit.framework */,
				41B87FFA19B0251C00C7C2CE /* XCTest.framework */,
				F689589E4AF6409EA41E3B5C /* libPods.a */,
			);
			name = Frameworks;
			sourceTree = "<group>";
		};
		41B87FDE19B0251C00C7C2CE /* UWMobile */ = {
			isa = PBXGroup;
			children = (
				41B8801519B0A8AD00C7C2CE /* Models */,
				41B8802319B2D10F00C7C2CE /* Views */,
				41B8802219B2CFDB00C7C2CE /* Controllers */,
				41B87FE719B0251C00C7C2CE /* AppDelegate.h */,
				41B87FE819B0251C00C7C2CE /* AppDelegate.m */,
				41B87FEA19B0251C00C7C2CE /* Main.storyboard */,
				41B8802A19B2DA5D00C7C2CE /* DateProvider.h */,
				41B8802B19B2DA5D00C7C2CE /* DateProvider.m */,
				41B87FF319B0251C00C7C2CE /* Images.xcassets */,
				41B87FDF19B0251C00C7C2CE /* Supporting Files */,
			);
			path = UWMobile;
			sourceTree = "<group>";
		};
		41B87FDF19B0251C00C7C2CE /* Supporting Files */ = {
			isa = PBXGroup;
			children = (
				41B8801019B03DF000C7C2CE /* JSON */,
				41B87FE019B0251C00C7C2CE /* UWMobile-Info.plist */,
				41B87FE119B0251C00C7C2CE /* InfoPlist.strings */,
				41B87FE419B0251C00C7C2CE /* main.m */,
				41B87FE619B0251C00C7C2CE /* UWMobile-Prefix.pch */,
			);
			name = "Supporting Files";
			sourceTree = "<group>";
		};
		41B8800019B0251C00C7C2CE /* UWMobileTests */ = {
			isa = PBXGroup;
			children = (
				41B8800619B0251C00C7C2CE /* UWMobileTests.m */,
				41B8800119B0251C00C7C2CE /* Supporting Files */,
			);
			path = UWMobileTests;
			sourceTree = "<group>";
		};
		41B8800119B0251C00C7C2CE /* Supporting Files */ = {
			isa = PBXGroup;
			children = (
				41B8800219B0251C00C7C2CE /* UWMobileTests-Info.plist */,
				41B8800319B0251C00C7C2CE /* InfoPlist.strings */,
			);
			name = "Supporting Files";
			sourceTree = "<group>";
		};
		41B8801019B03DF000C7C2CE /* JSON */ = {
			isa = PBXGroup;
			children = (
				41B8801119B03E7200C7C2CE /* events.json */,
				41B8801319B03F2700C7C2CE /* infosessions.json */,
			);
			name = JSON;
			sourceTree = "<group>";
		};
		41B8801519B0A8AD00C7C2CE /* Models */ = {
			isa = PBXGroup;
			children = (
				41B8801619B0A8C600C7C2CE /* UWModel.h */,
				41B8806119B3119400C7C2CE /* UWSideMenuItem.h */,
				41B8806219B3119400C7C2CE /* UWSideMenuItem.m */,
				41B8802719B2D80500C7C2CE /* UWNews.h */,
				41B8802819B2D80500C7C2CE /* UWNews.m */,
				41B8801919B0A96600C7C2CE /* UWEvent.h */,
				41B8801A19B0A96600C7C2CE /* UWEvent.m */,
				41B8801C19B27C4B00C7C2CE /* UWEventTimes.h */,
				41B8801D19B27C4B00C7C2CE /* UWEventTimes.m */,
				41B8807019B5028C00C7C2CE /* UWWeather.h */,
				41B8807119B5028C00C7C2CE /* UWWeather.m */,
				41B8807B19BAC73A00C7C2CE /* UWBuilding.h */,
				41B8807C19BAC73A00C7C2CE /* UWBuilding.m */,
				41FA7F1019BADB1B00149FA3 /* UWGoose.h */,
				41FA7F1119BADB1B00149FA3 /* UWGoose.m */,
			);
			name = Models;
			sourceTree = "<group>";
		};
		41B8802219B2CFDB00C7C2CE /* Controllers */ = {
			isa = PBXGroup;
			children = (
				41B8805E19B30B2700C7C2CE /* BaseViewController.h */,
				41B8805F19B30B2700C7C2CE /* BaseViewController.m */,
				41B8801F19B2C76100C7C2CE /* SplashScreenViewController.h */,
				41B8802019B2C76100C7C2CE /* SplashScreenViewController.m */,
				41B8805819B2F03200C7C2CE /* LeftMenuViewController.h */,
				41B8805919B2F03200C7C2CE /* LeftMenuViewController.m */,
				41B8806D19B4FB9A00C7C2CE /* SideWeatherViewController.h */,
				41B8806E19B4FB9A00C7C2CE /* SideWeatherViewController.m */,
				41B87FF019B0251C00C7C2CE /* NewsViewController.h */,
				41B87FF119B0251C00C7C2CE /* NewsViewController.m */,
				41B8806719B31A5000C7C2CE /* EventsViewController.h */,
				41B8806819B31A5000C7C2CE /* EventsViewController.m */,
				41B8807319BA745300C7C2CE /* NewsDetailsViewController.h */,
				41B8807419BA745300C7C2CE /* NewsDetailsViewController.m */,
				41B8807619BAB06200C7C2CE /* BuildingsViewController.h */,
				41B8807719BAB06200C7C2CE /* BuildingsViewController.m */,
			);
			name = Controllers;
			sourceTree = "<group>";
		};
		41B8802319B2D10F00C7C2CE /* Views */ = {
			isa = PBXGroup;
			children = (
				41B8802419B2D38C00C7C2CE /* NewsCell.h */,
				41B8802519B2D38C00C7C2CE /* NewsCell.m */,
				41B8806A19B4DE7200C7C2CE /* EventCell.h */,
				41B8806B19B4DE7200C7C2CE /* EventCell.m */,
				41B8805B19B2FFF700C7C2CE /* ThinHorizontalLineView.h */,
				41B8805C19B2FFF700C7C2CE /* ThinHorizontalLineView.m */,
				41B8806419B314AD00C7C2CE /* SideMenuItemCell.h */,
				41B8806519B314AD00C7C2CE /* SideMenuItemCell.m */,
			);
			name = Views;
			sourceTree = "<group>";
		};
/* End PBXGroup section */

/* Begin PBXNativeTarget section */
		41B87FD419B0251C00C7C2CE /* UWMobile */ = {
			isa = PBXNativeTarget;
			buildConfigurationList = 41B8800A19B0251C00C7C2CE /* Build configuration list for PBXNativeTarget "UWMobile" */;
			buildPhases = (
				DE314CBDBF884918B9C995B9 /* Check Pods Manifest.lock */,
				41B87FD119B0251C00C7C2CE /* Sources */,
				41B87FD219B0251C00C7C2CE /* Frameworks */,
				41B87FD319B0251C00C7C2CE /* Resources */,
				BB0D58C11AC84BB9BD567D9C /* Copy Pods Resources */,
			);
			buildRules = (
			);
			dependencies = (
			);
			name = UWMobile;
			productName = UWMobile;
			productReference = 41B87FD519B0251C00C7C2CE /* UWMobile.app */;
			productType = "com.apple.product-type.application";
		};
		41B87FF819B0251C00C7C2CE /* UWMobileTests */ = {
			isa = PBXNativeTarget;
			buildConfigurationList = 41B8800D19B0251C00C7C2CE /* Build configuration list for PBXNativeTarget "UWMobileTests" */;
			buildPhases = (
				41B87FF519B0251C00C7C2CE /* Sources */,
				41B87FF619B0251C00C7C2CE /* Frameworks */,
				41B87FF719B0251C00C7C2CE /* Resources */,
			);
			buildRules = (
			);
			dependencies = (
				41B87FFF19B0251C00C7C2CE /* PBXTargetDependency */,
			);
			name = UWMobileTests;
			productName = UWMobileTests;
			productReference = 41B87FF919B0251C00C7C2CE /* UWMobileTests.xctest */;
			productType = "com.apple.product-type.bundle.unit-test";
		};
/* End PBXNativeTarget section */

/* Begin PBXProject section */
		41B87FCD19B0251C00C7C2CE /* Project object */ = {
			isa = PBXProject;
			attributes = {
				CLASSPREFIX = UW;
				LastUpgradeCheck = 0510;
				ORGANIZATIONNAME = "Ali Ravanchi";
				TargetAttributes = {
					41B87FF819B0251C00C7C2CE = {
						TestTargetID = 41B87FD419B0251C00C7C2CE;
					};
				};
			};
			buildConfigurationList = 41B87FD019B0251C00C7C2CE /* Build configuration list for PBXProject "UWMobile" */;
			compatibilityVersion = "Xcode 3.2";
			developmentRegion = English;
			hasScannedForEncodings = 0;
			knownRegions = (
				en,
				Base,
			);
			mainGroup = 41B87FCC19B0251C00C7C2CE;
			productRefGroup = 41B87FD619B0251C00C7C2CE /* Products */;
			projectDirPath = "";
			projectRoot = "";
			targets = (
				41B87FD419B0251C00C7C2CE /* UWMobile */,
				41B87FF819B0251C00C7C2CE /* UWMobileTests */,
			);
		};
/* End PBXProject section */

/* Begin PBXResourcesBuildPhase section */
		41B87FD319B0251C00C7C2CE /* Resources */ = {
			isa = PBXResourcesBuildPhase;
			buildActionMask = 2147483647;
			files = (
				41B8801419B03F2700C7C2CE /* infosessions.json in Resources */,
				41B8801219B03E7200C7C2CE /* events.json in Resources */,
				41B87FF419B0251C00C7C2CE /* Images.xcassets in Resources */,
				41B87FEC19B0251C00C7C2CE /* Main.storyboard in Resources */,
				41B87FE319B0251C00C7C2CE /* InfoPlist.strings in Resources */,
			);
			runOnlyForDeploymentPostprocessing = 0;
		};
		41B87FF719B0251C00C7C2CE /* Resources */ = {
			isa = PBXResourcesBuildPhase;
			buildActionMask = 2147483647;
			files = (
				41B8800519B0251C00C7C2CE /* InfoPlist.strings in Resources */,
			);
			runOnlyForDeploymentPostprocessing = 0;
		};
/* End PBXResourcesBuildPhase section */

/* Begin PBXShellScriptBuildPhase section */
		BB0D58C11AC84BB9BD567D9C /* Copy Pods Resources */ = {
			isa = PBXShellScriptBuildPhase;
			buildActionMask = 2147483647;
			files = (
			);
			inputPaths = (
			);
			name = "Copy Pods Resources";
			outputPaths = (
			);
			runOnlyForDeploymentPostprocessing = 0;
			shellPath = /bin/sh;
			shellScript = "\"${SRCROOT}/Pods/Pods-resources.sh\"\n";
			showEnvVarsInLog = 0;
		};
		DE314CBDBF884918B9C995B9 /* Check Pods Manifest.lock */ = {
			isa = PBXShellScriptBuildPhase;
			buildActionMask = 2147483647;
			files = (
			);
			inputPaths = (
			);
			name = "Check Pods Manifest.lock";
			outputPaths = (
			);
			runOnlyForDeploymentPostprocessing = 0;
			shellPath = /bin/sh;
			shellScript = "diff \"${PODS_ROOT}/../Podfile.lock\" \"${PODS_ROOT}/Manifest.lock\" > /dev/null\nif [[ $? != 0 ]] ; then\n    cat << EOM\nerror: The sandbox is not in sync with the Podfile.lock. Run 'pod install' or update your CocoaPods installation.\nEOM\n    exit 1\nfi\n";
			showEnvVarsInLog = 0;
		};
/* End PBXShellScriptBuildPhase section */

/* Begin PBXSourcesBuildPhase section */
		41B87FD119B0251C00C7C2CE /* Sources */ = {
			isa = PBXSourcesBuildPhase;
			buildActionMask = 2147483647;
			files = (
				41B8806619B314AD00C7C2CE /* SideMenuItemCell.m in Sources */,
				41B8806919B31A5000C7C2CE /* EventsViewController.m in Sources */,
				41B87FE919B0251C00C7C2CE /* AppDelegate.m in Sources */,
				41B8806019B30B2700C7C2CE /* BaseViewController.m in Sources */,
				41B8802C19B2DA5D00C7C2CE /* DateProvider.m in Sources */,
				41B8806F19B4FB9A00C7C2CE /* SideWeatherViewController.m in Sources */,
				41B8806319B3119400C7C2CE /* UWSideMenuItem.m in Sources */,
				41B8807D19BAC73A00C7C2CE /* UWBuilding.m in Sources */,
				41B87FF219B0251C00C7C2CE /* NewsViewController.m in Sources */,
				41FA7F1219BADB1B00149FA3 /* UWGoose.m in Sources */,
				41B8807219B5028C00C7C2CE /* UWWeather.m in Sources */,
				41B8801B19B0A96600C7C2CE /* UWEvent.m in Sources */,
				41B8806C19B4DE7200C7C2CE /* EventCell.m in Sources */,
				41B8802619B2D38C00C7C2CE /* NewsCell.m in Sources */,
				41B8805D19B2FFF700C7C2CE /* ThinHorizontalLineView.m in Sources */,
				41B8802919B2D80500C7C2CE /* UWNews.m in Sources */,
				41B87FE519B0251C00C7C2CE /* main.m in Sources */,
				41B8801E19B27C4B00C7C2CE /* UWEventTimes.m in Sources */,
				41B8807819BAB06200C7C2CE /* BuildingsViewController.m in Sources */,
				41B8807519BA745300C7C2CE /* NewsDetailsViewController.m in Sources */,
				41B8805A19B2F03200C7C2CE /* LeftMenuViewController.m in Sources */,
				41B8802119B2C76100C7C2CE /* SplashScreenViewController.m in Sources */,
			);
			runOnlyForDeploymentPostprocessing = 0;
		};
		41B87FF519B0251C00C7C2CE /* Sources */ = {
			isa = PBXSourcesBuildPhase;
			buildActionMask = 2147483647;
			files = (
				41B8800719B0251C00C7C2CE /* UWMobileTests.m in Sources */,
			);
			runOnlyForDeploymentPostprocessing = 0;
		};
/* End PBXSourcesBuildPhase section */

/* Begin PBXTargetDependency section */
		41B87FFF19B0251C00C7C2CE /* PBXTargetDependency */ = {
			isa = PBXTargetDependency;
			target = 41B87FD419B0251C00C7C2CE /* UWMobile */;
			targetProxy = 41B87FFE19B0251C00C7C2CE /* PBXContainerItemProxy */;
		};
/* End PBXTargetDependency section */

/* Begin PBXVariantGroup section */
		41B87FE119B0251C00C7C2CE /* InfoPlist.strings */ = {
			isa = PBXVariantGroup;
			children = (
				41B87FE219B0251C00C7C2CE /* en */,
			);
			name = InfoPlist.strings;
			sourceTree = "<group>";
		};
		41B87FEA19B0251C00C7C2CE /* Main.storyboard */ = {
			isa = PBXVariantGroup;
			children = (
				41B87FEB19B0251C00C7C2CE /* Base */,
			);
			name = Main.storyboard;
			sourceTree = "<group>";
		};
		41B8800319B0251C00C7C2CE /* InfoPlist.strings */ = {
			isa = PBXVariantGroup;
			children = (
				41B8800419B0251C00C7C2CE /* en */,
			);
			name = InfoPlist.strings;
			sourceTree = "<group>";
		};
/* End PBXVariantGroup section */

/* Begin XCBuildConfiguration section */
		41B8800819B0251C00C7C2CE /* Debug */ = {
			isa = XCBuildConfiguration;
			buildSettings = {
				ALWAYS_SEARCH_USER_PATHS = NO;
				CLANG_CXX_LANGUAGE_STANDARD = "gnu++0x";
				CLANG_CXX_LIBRARY = "libc++";
				CLANG_ENABLE_MODULES = YES;
				CLANG_ENABLE_OBJC_ARC = YES;
				CLANG_WARN_BOOL_CONVERSION = YES;
				CLANG_WARN_CONSTANT_CONVERSION = YES;
				CLANG_WARN_DIRECT_OBJC_ISA_USAGE = YES_ERROR;
				CLANG_WARN_EMPTY_BODY = YES;
				CLANG_WARN_ENUM_CONVERSION = YES;
				CLANG_WARN_INT_CONVERSION = YES;
				CLANG_WARN_OBJC_ROOT_CLASS = YES_ERROR;
				CLANG_WARN__DUPLICATE_METHOD_MATCH = YES;
				"CODE_SIGN_IDENTITY[sdk=iphoneos*]" = "iPhone Developer";
				COPY_PHASE_STRIP = NO;
				GCC_C_LANGUAGE_STANDARD = gnu99;
				GCC_DYNAMIC_NO_PIC = NO;
				GCC_OPTIMIZATION_LEVEL = 0;
				GCC_PREPROCESSOR_DEFINITIONS = (
					"DEBUG=1",
					"$(inherited)",
				);
				GCC_SYMBOLS_PRIVATE_EXTERN = NO;
				GCC_WARN_64_TO_32_BIT_CONVERSION = YES;
				GCC_WARN_ABOUT_RETURN_TYPE = YES_ERROR;
				GCC_WARN_UNDECLARED_SELECTOR = YES;
				GCC_WARN_UNINITIALIZED_AUTOS = YES_AGGRESSIVE;
				GCC_WARN_UNUSED_FUNCTION = YES;
				GCC_WARN_UNUSED_VARIABLE = YES;
				IPHONEOS_DEPLOYMENT_TARGET = 7.1;
				ONLY_ACTIVE_ARCH = YES;
				SDKROOT = iphoneos;
				TARGETED_DEVICE_FAMILY = "1,2";
			};
			name = Debug;
		};
		41B8800919B0251C00C7C2CE /* Release */ = {
			isa = XCBuildConfiguration;
			buildSettings = {
				ALWAYS_SEARCH_USER_PATHS = NO;
				CLANG_CXX_LANGUAGE_STANDARD = "gnu++0x";
				CLANG_CXX_LIBRARY = "libc++";
				CLANG_ENABLE_MODULES = YES;
				CLANG_ENABLE_OBJC_ARC = YES;
				CLANG_WARN_BOOL_CONVERSION = YES;
				CLANG_WARN_CONSTANT_CONVERSION = YES;
				CLANG_WARN_DIRECT_OBJC_ISA_USAGE = YES_ERROR;
				CLANG_WARN_EMPTY_BODY = YES;
				CLANG_WARN_ENUM_CONVERSION = YES;
				CLANG_WARN_INT_CONVERSION = YES;
				CLANG_WARN_OBJC_ROOT_CLASS = YES_ERROR;
				CLANG_WARN__DUPLICATE_METHOD_MATCH = YES;
				"CODE_SIGN_IDENTITY[sdk=iphoneos*]" = "iPhone Developer";
				COPY_PHASE_STRIP = YES;
				ENABLE_NS_ASSERTIONS = NO;
				GCC_C_LANGUAGE_STANDARD = gnu99;
				GCC_WARN_64_TO_32_BIT_CONVERSION = YES;
				GCC_WARN_ABOUT_RETURN_TYPE = YES_ERROR;
				GCC_WARN_UNDECLARED_SELECTOR = YES;
				GCC_WARN_UNINITIALIZED_AUTOS = YES_AGGRESSIVE;
				GCC_WARN_UNUSED_FUNCTION = YES;
				GCC_WARN_UNUSED_VARIABLE = YES;
				IPHONEOS_DEPLOYMENT_TARGET = 7.1;
				SDKROOT = iphoneos;
				TARGETED_DEVICE_FAMILY = "1,2";
				VALIDATE_PRODUCT = YES;
			};
			name = Release;
		};
		41B8800B19B0251C00C7C2CE /* Debug */ = {
			isa = XCBuildConfiguration;
			baseConfigurationReference = 9B28D77A6302458C8CDF52A2 /* Pods.xcconfig */;
			buildSettings = {
				ASSETCATALOG_COMPILER_APPICON_NAME = AppIcon;
				ASSETCATALOG_COMPILER_LAUNCHIMAGE_NAME = LaunchImage;
				CODE_SIGN_IDENTITY = "iPhone Developer";
				GCC_PRECOMPILE_PREFIX_HEADER = YES;
				GCC_PREFIX_HEADER = "UWMobile/UWMobile-Prefix.pch";
				INFOPLIST_FILE = "UWMobile/UWMobile-Info.plist";
				PRODUCT_NAME = "$(TARGET_NAME)";
				WRAPPER_EXTENSION = app;
			};
			name = Debug;
		};
		41B8800C19B0251C00C7C2CE /* Release */ = {
			isa = XCBuildConfiguration;
			baseConfigurationReference = 9B28D77A6302458C8CDF52A2 /* Pods.xcconfig */;
			buildSettings = {
				ASSETCATALOG_COMPILER_APPICON_NAME = AppIcon;
				ASSETCATALOG_COMPILER_LAUNCHIMAGE_NAME = LaunchImage;
				CODE_SIGN_IDENTITY = "iPhone Developer";
				GCC_PRECOMPILE_PREFIX_HEADER = YES;
				GCC_PREFIX_HEADER = "UWMobile/UWMobile-Prefix.pch";
				INFOPLIST_FILE = "UWMobile/UWMobile-Info.plist";
				PRODUCT_NAME = "$(TARGET_NAME)";
				WRAPPER_EXTENSION = app;
			};
			name = Release;
		};
		41B8800E19B0251C00C7C2CE /* Debug */ = {
			isa = XCBuildConfiguration;
			buildSettings = {
				BUNDLE_LOADER = "$(BUILT_PRODUCTS_DIR)/UWMobile.app/UWMobile";
				FRAMEWORK_SEARCH_PATHS = (
					"$(SDKROOT)/Developer/Library/Frameworks",
					"$(inherited)",
					"$(DEVELOPER_FRAMEWORKS_DIR)",
				);
				GCC_PRECOMPILE_PREFIX_HEADER = YES;
				GCC_PREFIX_HEADER = "UWMobile/UWMobile-Prefix.pch";
				GCC_PREPROCESSOR_DEFINITIONS = (
					"DEBUG=1",
					"$(inherited)",
				);
				INFOPLIST_FILE = "UWMobileTests/UWMobileTests-Info.plist";
				PRODUCT_NAME = "$(TARGET_NAME)";
				TEST_HOST = "$(BUNDLE_LOADER)";
				WRAPPER_EXTENSION = xctest;
			};
			name = Debug;
		};
		41B8800F19B0251C00C7C2CE /* Release */ = {
			isa = XCBuildConfiguration;
			buildSettings = {
				BUNDLE_LOADER = "$(BUILT_PRODUCTS_DIR)/UWMobile.app/UWMobile";
				FRAMEWORK_SEARCH_PATHS = (
					"$(SDKROOT)/Developer/Library/Frameworks",
					"$(inherited)",
					"$(DEVELOPER_FRAMEWORKS_DIR)",
				);
				GCC_PRECOMPILE_PREFIX_HEADER = YES;
				GCC_PREFIX_HEADER = "UWMobile/UWMobile-Prefix.pch";
				INFOPLIST_FILE = "UWMobileTests/UWMobileTests-Info.plist";
				PRODUCT_NAME = "$(TARGET_NAME)";
				TEST_HOST = "$(BUNDLE_LOADER)";
				WRAPPER_EXTENSION = xctest;
			};
			name = Release;
		};
/* End XCBuildConfiguration section */

/* Begin XCConfigurationList section */
		41B87FD019B0251C00C7C2CE /* Build configuration list for PBXProject "UWMobile" */ = {
			isa = XCConfigurationList;
			buildConfigurations = (
				41B8800819B0251C00C7C2CE /* Debug */,
				41B8800919B0251C00C7C2CE /* Release */,
			);
			defaultConfigurationIsVisible = 0;
			defaultConfigurationName = Release;
		};
		41B8800A19B0251C00C7C2CE /* Build configuration list for PBXNativeTarget "UWMobile" */ = {
			isa = XCConfigurationList;
			buildConfigurations = (
				41B8800B19B0251C00C7C2CE /* Debug */,
				41B8800C19B0251C00C7C2CE /* Release */,
			);
			defaultConfigurationIsVisible = 0;
			defaultConfigurationName = Release;
		};
		41B8800D19B0251C00C7C2CE /* Build configuration list for PBXNativeTarget "UWMobileTests" */ = {
			isa = XCConfigurationList;
			buildConfigurations = (
				41B8800E19B0251C00C7C2CE /* Debug */,
				41B8800F19B0251C00C7C2CE /* Release */,
			);
			defaultConfigurationIsVisible = 0;
			defaultConfigurationName = Release;
		};
/* End XCConfigurationList section */
	};
	rootObject = 41B87FCD19B0251C00C7C2CE /* Project object */;
}
